
Microsoft Visual Studio Solution File, Format Version 12.00
# Visual Studio 2013
VisualStudioVersion = 12.0.31101.0
MinimumVisualStudioVersion = 10.0.40219.1
Project("{FAE04EC0-301F-11D3-BF4B-00C04F79EFBC}") = "OOM.Core", "OOM.Core\OOM.Core.csproj", "{F25AEA72-1F44-4C46-AD72-BBE97CC123DF}"
EndProject
Project("{2150E333-8FDC-42A3-9474-1A3956D46DE8}") = "Infrastructure", "Infrastructure", "{00E7A7C9-F13B-4245-A82D-57663C368381}"
EndProject
Project("{2150E333-8FDC-42A3-9474-1A3956D46DE8}") = "Presentation", "Presentation", "{81DFA2F2-961A-4013-BEC8-E31D926C40BA}"
EndProject
Project("{2150E333-8FDC-42A3-9474-1A3956D46DE8}") = "Service", "Service", "{6B0D4986-7706-4094-B724-69EFD27CD55E}"
EndProject
Project("{2150E333-8FDC-42A3-9474-1A3956D46DE8}") = "Domain", "Domain", "{E3F92479-EA69-428F-9C3A-AC932184A97B}"
EndProject
Project("{2150E333-8FDC-42A3-9474-1A3956D46DE8}") = "Tests", "Tests", "{695E5257-6640-4DF6-9B18-A6DF2C3E9277}"
EndProject
Project("{FAE04EC0-301F-11D3-BF4B-00C04F79EFBC}") = "OOM.Tests", "OOM.Tests\OOM.Tests.csproj", "{DD8E7065-D932-4FA4-9A72-C01E76131546}"
EndProject
Project("{FAE04EC0-301F-11D3-BF4B-00C04F79EFBC}") = "OOM.Model", "OOM.Model\OOM.Model.csproj", "{5170A8D5-CB7D-430F-9547-F5CC66D57327}"
EndProject
Project("{00D1A9C2-B5F0-4AF3-8072-F6C62B433612}") = "OOM.Database", "OOM.Database\OOM.Database.sqlproj", "{724D2F92-3717-48FA-ADF2-9FC8E67C830A}"
EndProject
Project("{FAE04EC0-301F-11D3-BF4B-00C04F79EFBC}") = "OOM.Repositories", "OOM.Repositories\OOM.Repositories.csproj", "{79B96F6B-2C0C-4AA4-AB46-7AD30B400F2C}"
EndProject
Project("{FAE04EC0-301F-11D3-BF4B-00C04F79EFBC}") = "OOM.Miner", "OOM.Miner\OOM.Miner.csproj", "{AE0311E8-1CE5-46F5-BB22-05CE71F2CDED}"
EndProject
Global
	GlobalSection(SolutionConfigurationPlatforms) = preSolution
		Debug|Any CPU = Debug|Any CPU
		Release|Any CPU = Release|Any CPU
	EndGlobalSection
	GlobalSection(ProjectConfigurationPlatforms) = postSolution
		{F25AEA72-1F44-4C46-AD72-BBE97CC123DF}.Debug|Any CPU.ActiveCfg = Debug|Any CPU
		{F25AEA72-1F44-4C46-AD72-BBE97CC123DF}.Debug|Any CPU.Build.0 = Debug|Any CPU
		{F25AEA72-1F44-4C46-AD72-BBE97CC123DF}.Release|Any CPU.ActiveCfg = Release|Any CPU
		{F25AEA72-1F44-4C46-AD72-BBE97CC123DF}.Release|Any CPU.Build.0 = Release|Any CPU
		{DD8E7065-D932-4FA4-9A72-C01E76131546}.Debug|Any CPU.ActiveCfg = Debug|Any CPU
		{DD8E7065-D932-4FA4-9A72-C01E76131546}.Debug|Any CPU.Build.0 = Debug|Any CPU
		{DD8E7065-D932-4FA4-9A72-C01E76131546}.Release|Any CPU.ActiveCfg = Release|Any CPU
		{DD8E7065-D932-4FA4-9A72-C01E76131546}.Release|Any CPU.Build.0 = Release|Any CPU
		{5170A8D5-CB7D-430F-9547-F5CC66D57327}.Debug|Any CPU.ActiveCfg = Debug|Any CPU
		{5170A8D5-CB7D-430F-9547-F5CC66D57327}.Debug|Any CPU.Build.0 = Debug|Any CPU
		{5170A8D5-CB7D-430F-9547-F5CC66D57327}.Release|Any CPU.ActiveCfg = Release|Any CPU
		{5170A8D5-CB7D-430F-9547-F5CC66D57327}.Release|Any CPU.Build.0 = Release|Any CPU
		{724D2F92-3717-48FA-ADF2-9FC8E67C830A}.Debug|Any CPU.ActiveCfg = Debug|Any CPU
		{724D2F92-3717-48FA-ADF2-9FC8E67C830A}.Debug|Any CPU.Build.0 = Debug|Any CPU
		{724D2F92-3717-48FA-ADF2-9FC8E67C830A}.Debug|Any CPU.Deploy.0 = Debug|Any CPU
		{724D2F92-3717-48FA-ADF2-9FC8E67C830A}.Release|Any CPU.ActiveCfg = Release|Any CPU
		{724D2F92-3717-48FA-ADF2-9FC8E67C830A}.Release|Any CPU.Build.0 = Release|Any CPU
		{724D2F92-3717-48FA-ADF2-9FC8E67C830A}.Release|Any CPU.Deploy.0 = Release|Any CPU
		{79B96F6B-2C0C-4AA4-AB46-7AD30B400F2C}.Debug|Any CPU.ActiveCfg = Debug|Any CPU
		{79B96F6B-2C0C-4AA4-AB46-7AD30B400F2C}.Debug|Any CPU.Build.0 = Debug|Any CPU
		{79B96F6B-2C0C-4AA4-AB46-7AD30B400F2C}.Release|Any CPU.ActiveCfg = Release|Any CPU
		{79B96F6B-2C0C-4AA4-AB46-7AD30B400F2C}.Release|Any CPU.Build.0 = Release|Any CPU
		{AE0311E8-1CE5-46F5-BB22-05CE71F2CDED}.Debug|Any CPU.ActiveCfg = Debug|Any CPU
		{AE0311E8-1CE5-46F5-BB22-05CE71F2CDED}.Debug|Any CPU.Build.0 = Debug|Any CPU
		{AE0311E8-1CE5-46F5-BB22-05CE71F2CDED}.Release|Any CPU.ActiveCfg = Release|Any CPU
		{AE0311E8-1CE5-46F5-BB22-05CE71F2CDED}.Release|Any CPU.Build.0 = Release|Any CPU
	EndGlobalSection
	GlobalSection(SolutionProperties) = preSolution
		HideSolutionNode = FALSE
	EndGlobalSection
	GlobalSection(NestedProjects) = preSolution
		{F25AEA72-1F44-4C46-AD72-BBE97CC123DF} = {00E7A7C9-F13B-4245-A82D-57663C368381}
		{DD8E7065-D932-4FA4-9A72-C01E76131546} = {695E5257-6640-4DF6-9B18-A6DF2C3E9277}
		{5170A8D5-CB7D-430F-9547-F5CC66D57327} = {E3F92479-EA69-428F-9C3A-AC932184A97B}
		{724D2F92-3717-48FA-ADF2-9FC8E67C830A} = {E3F92479-EA69-428F-9C3A-AC932184A97B}
		{79B96F6B-2C0C-4AA4-AB46-7AD30B400F2C} = {E3F92479-EA69-428F-9C3A-AC932184A97B}
		{AE0311E8-1CE5-46F5-BB22-05CE71F2CDED} = {6B0D4986-7706-4094-B724-69EFD27CD55E}
	EndGlobalSection
EndGlobal
